
Microsoft Visual Studio Solution File, Format Version 12.00
# Visual Studio 15
VisualStudioVersion = 15.0.28010.2036
MinimumVisualStudioVersion = 10.0.40219.1
Project("{9A19103F-16F7-4668-BE54-9A1E7A4F7556}") = "Pixy.Topology", "src\Pixy.Topology\Pixy.Topology.csproj", "{78590CA4-AFFB-45E8-8F7F-19C69529586D}"
EndProject
Global
	GlobalSection(SolutionConfigurationPlatforms) = preSolution
		Debug|Any CPU = Debug|Any CPU
		Release|Any CPU = Release|Any CPU
	EndGlobalSection
	GlobalSection(ProjectConfigurationPlatforms) = postSolution
		{78590CA4-AFFB-45E8-8F7F-19C69529586D}.Debug|Any CPU.ActiveCfg = Debug|Any CPU
		{78590CA4-AFFB-45E8-8F7F-19C69529586D}.Debug|Any CPU.Build.0 = Debug|Any CPU
		{78590CA4-AFFB-45E8-8F7F-19C69529586D}.Release|Any CPU.ActiveCfg = Release|Any CPU
		{78590CA4-AFFB-45E8-8F7F-19C69529586D}.Release|Any CPU.Build.0 = Release|Any CPU
	EndGlobalSection
	GlobalSection(SolutionProperties) = preSolution
		HideSolutionNode = FALSE
	EndGlobalSection
	GlobalSection(ExtensibilityGlobals) = postSolution
		SolutionGuid = {8372B386-6327-414A-B1B6-0A790BC8C4E0}
	EndGlobalSection
EndGlobal
